
Microsoft Visual Studio Solution File, Format Version 12.00
# Visual Studio Version 17
VisualStudioVersion = 17.0.31903.59
MinimumVisualStudioVersion = 10.0.40219.1
Project("{FAE04EC0-301F-11D3-BF4B-00C04F79EFBC}") = "Sample.Models", "Sample.Models\Sample.Models.csproj", "{010E7A4C-4B9A-4487-9054-17810F0D6971}"
EndProject
Project("{FAE04EC0-301F-11D3-BF4B-00C04F79EFBC}") = "Sample.Api", "Sample.Api\Sample.Api.csproj", "{A0A45EF7-7273-4614-9185-4F72138B206C}"
EndProject
Global
	GlobalSection(SolutionConfigurationPlatforms) = preSolution
		Debug|Any CPU = Debug|Any CPU
		Release|Any CPU = Release|Any CPU
	EndGlobalSection
	GlobalSection(SolutionProperties) = preSolution
		HideSolutionNode = FALSE
	EndGlobalSection
	GlobalSection(ProjectConfigurationPlatforms) = postSolution
		{010E7A4C-4B9A-4487-9054-17810F0D6971}.Debug|Any CPU.ActiveCfg = Debug|Any CPU
		{010E7A4C-4B9A-4487-9054-17810F0D6971}.Debug|Any CPU.Build.0 = Debug|Any CPU
		{010E7A4C-4B9A-4487-9054-17810F0D6971}.Release|Any CPU.ActiveCfg = Release|Any CPU
		{010E7A4C-4B9A-4487-9054-17810F0D6971}.Release|Any CPU.Build.0 = Release|Any CPU
		{A0A45EF7-7273-4614-9185-4F72138B206C}.Debug|Any CPU.ActiveCfg = Debug|Any CPU
		{A0A45EF7-7273-4614-9185-4F72138B206C}.Debug|Any CPU.Build.0 = Debug|Any CPU
		{A0A45EF7-7273-4614-9185-4F72138B206C}.Release|Any CPU.ActiveCfg = Release|Any CPU
		{A0A45EF7-7273-4614-9185-4F72138B206C}.Release|Any CPU.Build.0 = Release|Any CPU
	EndGlobalSection
EndGlobal
